
Microsoft Visual Studio Solution File, Format Version 12.00
# Visual Studio Version 16
VisualStudioVersion = 16.0.31112.23
MinimumVisualStudioVersion = 10.0.40219.1
Project("{FAE04EC0-301F-11D3-BF4B-00C04F79EFBC}") = "AuthForTeslaDroid", "AuthForTeslaDroid\AuthForTeslaDroid.csproj", "{EF1FF9B9-B458-49A5-9578-167537227A96}"
EndProject
Project("{9A19103F-16F7-4668-BE54-9A1E7A4F7556}") = "TeslaAuth", "TeslaAuth\TeslaAuth.csproj", "{3FEA5D06-4764-4D66-AC01-8AB468B8D060}"
EndProject
Global
	GlobalSection(SolutionConfigurationPlatforms) = preSolution
		Debug|Any CPU = Debug|Any CPU
		Release|Any CPU = Release|Any CPU
	EndGlobalSection
	GlobalSection(ProjectConfigurationPlatforms) = postSolution
		{EF1FF9B9-B458-49A5-9578-167537227A96}.Debug|Any CPU.ActiveCfg = Debug|Any CPU
		{EF1FF9B9-B458-49A5-9578-167537227A96}.Debug|Any CPU.Build.0 = Debug|Any CPU
		{EF1FF9B9-B458-49A5-9578-167537227A96}.Debug|Any CPU.Deploy.0 = Debug|Any CPU
		{EF1FF9B9-B458-49A5-9578-167537227A96}.Release|Any CPU.ActiveCfg = Release|Any CPU
		{EF1FF9B9-B458-49A5-9578-167537227A96}.Release|Any CPU.Build.0 = Release|Any CPU
		{EF1FF9B9-B458-49A5-9578-167537227A96}.Release|Any CPU.Deploy.0 = Release|Any CPU
		{3FEA5D06-4764-4D66-AC01-8AB468B8D060}.Debug|Any CPU.ActiveCfg = Debug|Any CPU
		{3FEA5D06-4764-4D66-AC01-8AB468B8D060}.Debug|Any CPU.Build.0 = Debug|Any CPU
		{3FEA5D06-4764-4D66-AC01-8AB468B8D060}.Release|Any CPU.ActiveCfg = Release|Any CPU
		{3FEA5D06-4764-4D66-AC01-8AB468B8D060}.Release|Any CPU.Build.0 = Release|Any CPU
	EndGlobalSection
	GlobalSection(SolutionProperties) = preSolution
		HideSolutionNode = FALSE
	EndGlobalSection
	GlobalSection(ExtensibilityGlobals) = postSolution
		SolutionGuid = {2841E89D-8EA4-44E0-9EAD-880D4EA6FB89}
	EndGlobalSection
EndGlobal
